PODS:
  - Flutter (1.0.0)
  - image_picker_ios (0.0.1):
    - Flutter
  - MTBBarcodeScanner (5.0.11)
  - permission_handler_apple (9.0.4):
    - Flutter
  - printing (1.0.0):
    - Flutter
  - qr_code_scanner (0.2.0):
    - Flutter
    - MTBBarcodeScanner
  - qr_code_tools (0.0.7):
    - Flutter
  - scan (0.0.1):
    - Flutter
  - shared_preferences_ios (0.0.1):
    - Flutter

DEPENDENCIES:
  - Flutter (from `Flutter`)
  - image_picker_ios (from `.symlinks/plugins/image_picker_ios/ios`)
  - permission_handler_apple (from `.symlinks/plugins/permission_handler_apple/ios`)
  - printing (from `.symlinks/plugins/printing/ios`)
  - qr_code_scanner (from `.symlinks/plugins/qr_code_scanner/ios`)
  - qr_code_tools (from `.symlinks/plugins/qr_code_tools/ios`)
  - scan (from `.symlinks/plugins/scan/ios`)
  - shared_preferences_ios (from `.symlinks/plugins/shared_preferences_ios/ios`)

SPEC REPOS:
  trunk:
    - MTBBarcodeScanner

EXTERNAL SOURCES:
  Flutter:
    :path: Flutter
  image_picker_ios:
    :path: ".symlinks/plugins/image_picker_ios/ios"
  permission_handler_apple:
    :path: ".symlinks/plugins/permission_handler_apple/ios"
  printing:
    :path: ".symlinks/plugins/printing/ios"
  qr_code_scanner:
    :path: ".symlinks/plugins/qr_code_scanner/ios"
  qr_code_tools:
    :path: ".symlinks/plugins/qr_code_tools/ios"
  scan:
    :path: ".symlinks/plugins/scan/ios"
  shared_preferences_ios:
    :path: ".symlinks/plugins/shared_preferences_ios/ios"

SPEC CHECKSUMS:
  Flutter: f04841e97a9d0b0a8025694d0796dd46242b2854
  image_picker_ios: b786a5dcf033a8336a657191401bfdf12017dabb
  MTBBarcodeScanner: f453b33c4b7dfe545d8c6484ed744d55671788cb
  permission_handler_apple: 44366e37eaf29454a1e7b1b7d736c2cceaeb17ce
  printing: eafa00acb682c0ca029d4d98d0798f55a1e27102
  qr_code_scanner: bb67d64904c3b9658ada8c402e8b4d406d5d796e
  qr_code_tools: 5b5dd44ccdfa4b81f645c251e421f61003254b81
  scan: aea35bb4aa59ccc8839c576a18cd57c7d492cc86
  shared_preferences_ios: 548a61f8053b9b8a49ac19c1ffbc8b92c50d68ad

PODFILE CHECKSUM: 0720ff67382cf4462302b30adf6ac1ddcdaa2b14

COCOAPODS: 1.11.3
